
Microsoft Visual Studio Solution File, Format Version 12.00
# Visual Studio Version 16
VisualStudioVersion = 16.0.29123.88
MinimumVisualStudioVersion = 10.0.40219.1
Project("{9A19103F-16F7-4668-BE54-9A1E7A4F7556}") = "Service_1", "Service_1\Service_1.csproj", "{CD1787A0-5F5C-445D-9D90-ADFA7B83E43F}"
EndProject
Project("{9A19103F-16F7-4668-BE54-9A1E7A4F7556}") = "Service_2", "Service_2\Service_2.csproj", "{9955054A-1914-4913-AE21-819C7051C734}"
EndProject
Project("{9A19103F-16F7-4668-BE54-9A1E7A4F7556}") = "SharedClasses", "SharedClasses\SharedClasses.csproj", "{6BBBF26B-8247-4E4A-ACAB-47080236E8BC}"
EndProject
Project("{2150E333-8FDC-42A3-9474-1A3956D46DE8}") = "Solution Items", "Solution Items", "{178526FA-6E0A-41DA-BC43-2BB3E027A5CA}"
	ProjectSection(SolutionItems) = preProject
		README.MD = README.MD
	EndProjectSection
EndProject
Global
	GlobalSection(SolutionConfigurationPlatforms) = preSolution
		Debug|Any CPU = Debug|Any CPU
		Release|Any CPU = Release|Any CPU
	EndGlobalSection
	GlobalSection(ProjectConfigurationPlatforms) = postSolution
		{CD1787A0-5F5C-445D-9D90-ADFA7B83E43F}.Debug|Any CPU.ActiveCfg = Debug|Any CPU
		{CD1787A0-5F5C-445D-9D90-ADFA7B83E43F}.Debug|Any CPU.Build.0 = Debug|Any CPU
		{CD1787A0-5F5C-445D-9D90-ADFA7B83E43F}.Release|Any CPU.ActiveCfg = Release|Any CPU
		{CD1787A0-5F5C-445D-9D90-ADFA7B83E43F}.Release|Any CPU.Build.0 = Release|Any CPU
		{9955054A-1914-4913-AE21-819C7051C734}.Debug|Any CPU.ActiveCfg = Debug|Any CPU
		{9955054A-1914-4913-AE21-819C7051C734}.Debug|Any CPU.Build.0 = Debug|Any CPU
		{9955054A-1914-4913-AE21-819C7051C734}.Release|Any CPU.ActiveCfg = Release|Any CPU
		{9955054A-1914-4913-AE21-819C7051C734}.Release|Any CPU.Build.0 = Release|Any CPU
		{6BBBF26B-8247-4E4A-ACAB-47080236E8BC}.Debug|Any CPU.ActiveCfg = Debug|Any CPU
		{6BBBF26B-8247-4E4A-ACAB-47080236E8BC}.Debug|Any CPU.Build.0 = Debug|Any CPU
		{6BBBF26B-8247-4E4A-ACAB-47080236E8BC}.Release|Any CPU.ActiveCfg = Release|Any CPU
		{6BBBF26B-8247-4E4A-ACAB-47080236E8BC}.Release|Any CPU.Build.0 = Release|Any CPU
	EndGlobalSection
	GlobalSection(SolutionProperties) = preSolution
		HideSolutionNode = FALSE
	EndGlobalSection
	GlobalSection(ExtensibilityGlobals) = postSolution
		SolutionGuid = {8D79798C-F301-47BC-9212-7C39CA7539E7}
	EndGlobalSection
EndGlobal
